{
  "name": "downees",
  "lockfileVersion": 3,
  "requires": true,
  "packages": {
    "": {
      "dependencies": {
        "pro-skills-senior-full-stack-software-engineer": "github:salahAlssayani/pro-skills-senior-full-stack-software-engineer"
      }
    },
    "node_modules/pro-skills-senior-full-stack-software-engineer": {
      "version": "1.0.0",
      "resolved": "git+ssh://git@github.com/salahAlssayani/pro-skills-senior-full-stack-software-engineer.git#e547aa1c95a60dc672e54d2f09cc634dcb727253",
      "hasInstallScript": true,
      "license": "MIT",
      "bin": {
        "pro-skills-senior-full-stack-software-engineer": "bin/setup.js",
        "skills": "bin/setup.js"
      },
      "engines": {
        "node": ">=14.0.0"
      },
      "funding": {
        "type": "github",
        "url": "https://github.com/sponsors/salahAlssayani"
      }
    }
  }
}
